// !$*UTF8*$!
{
	archiveVersion = 1;
	classes = {
	};
	objectVersion = 46;
	objects = {

/* Begin PBXBuildFile section */
		0BCB38E920B6ADAB003E6C57 /* WKWebView+Highlight.m in Sources */ = {isa = PBXBuildFile; fileRef = 0BCB38E420B6ADAA003E6C57 /* WKWebView+Highlight.m */; };
		0BCB38EA20B6ADAB003E6C57 /* WKWebView+Capture.m in Sources */ = {isa = PBXBuildFile; fileRef = 0BCB38E520B6ADAB003E6C57 /* WKWebView+Capture.m */; };
		0BCB38EB20B6ADAB003E6C57 /* WKWebView+BrowserHack.m in Sources */ = {isa = PBXBuildFile; fileRef = 0BCB38E720B6ADAB003E6C57 /* WKWebView+BrowserHack.m */; };
		0BCB394220B6B682003E6C57 /* _webview.js in Resources */ = {isa = PBXBuildFile; fileRef = 0BCB394120B6B682003E6C57 /* _webview.js */; };
		3E609CF61EAA815D00187C8C /* WeakScriptMessageDelegate.m in Sources */ = {isa = PBXBuildFile; fileRef = 3E609CF51EAA815D00187C8C /* WeakScriptMessageDelegate.m */; };
		D1FAADBC219C2680007ABF19 /* CRAWKWebView.m in Sources */ = {isa = PBXBuildFile; fileRef = D1FAADB9219C2680007ABF19 /* CRAWKWebView.m */; };
		D1FAADBD219C2680007ABF19 /* CRAWKWebViewManager.m in Sources */ = {isa = PBXBuildFile; fileRef = D1FAADBB219C2680007ABF19 /* CRAWKWebViewManager.m */; };
		E683F3D72080F3400005F1F5 /* WKProcessPool+SharedProcessPool.m in Sources */ = {isa = PBXBuildFile; fileRef = E683F3D62080F3400005F1F5 /* WKProcessPool+SharedProcessPool.m */; };
		F57672A521B69AA9007823F0 /* Localizable.strings in Resources */ = {isa = PBXBuildFile; fileRef = 0B79275320B6BA910081C35B /* Localizable.strings */; };
/* End PBXBuildFile section */

/* Begin PBXCopyFilesBuildPhase section */
		097457981D2A440A000D9368 /* CopyFiles */ = {
			isa = PBXCopyFilesBuildPhase;
			buildActionMask = 2147483647;
			dstPath = "include/$(PRODUCT_NAME)";
			dstSubfolderSpec = 16;
			files = (
			);
			runOnlyForDeploymentPostprocessing = 0;
		};
/* End PBXCopyFilesBuildPhase section */

/* Begin PBXFileReference section */
		0974579A1D2A440A000D9368 /* libRCTWKWebView.a */ = {isa = PBXFileReference; explicitFileType = archive.ar; includeInIndex = 0; path = libRCTWKWebView.a; sourceTree = BUILT_PRODUCTS_DIR; };
		0B79275220B6BA910081C35B /* en */ = {isa = PBXFileReference; lastKnownFileType = text.plist.strings; name = en; path = en.lproj/Localizable.strings; sourceTree = "<group>"; };
		0B79275420B6BAA60081C35B /* ja */ = {isa = PBXFileReference; lastKnownFileType = text.plist.strings; name = ja; path = ja.lproj/Localizable.strings; sourceTree = "<group>"; };
		0BCB38E320B6ADAA003E6C57 /* WKWebView+Highlight.h */ = {isa = PBXFileReference; fileEncoding = 4; lastKnownFileType = sourcecode.c.h; path = "WKWebView+Highlight.h"; sourceTree = "<group>"; };
		0BCB38E420B6ADAA003E6C57 /* WKWebView+Highlight.m */ = {isa = PBXFileReference; fileEncoding = 4; lastKnownFileType = sourcecode.c.objc; path = "WKWebView+Highlight.m"; sourceTree = "<group>"; };
		0BCB38E520B6ADAB003E6C57 /* WKWebView+Capture.m */ = {isa = PBXFileReference; fileEncoding = 4; lastKnownFileType = sourcecode.c.objc; path = "WKWebView+Capture.m"; sourceTree = "<group>"; };
		0BCB38E620B6ADAB003E6C57 /* WKWebView+Capture.h */ = {isa = PBXFileReference; fileEncoding = 4; lastKnownFileType = sourcecode.c.h; path = "WKWebView+Capture.h"; sourceTree = "<group>"; };
		0BCB38E720B6ADAB003E6C57 /* WKWebView+BrowserHack.m */ = {isa = PBXFileReference; fileEncoding = 4; lastKnownFileType = sourcecode.c.objc; path = "WKWebView+BrowserHack.m"; sourceTree = "<group>"; };
		0BCB38E820B6ADAB003E6C57 /* WKWebView+BrowserHack.h */ = {isa = PBXFileReference; fileEncoding = 4; lastKnownFileType = sourcecode.c.h; path = "WKWebView+BrowserHack.h"; sourceTree = "<group>"; };
		0BCB393B20B6B657003E6C57 /* Scripts.bundle */ = {isa = PBXFileReference; explicitFileType = wrapper.cfbundle; includeInIndex = 0; path = Scripts.bundle; sourceTree = BUILT_PRODUCTS_DIR; };
		0BCB393D20B6B657003E6C57 /* Info.plist */ = {isa = PBXFileReference; lastKnownFileType = text.plist.xml; path = Info.plist; sourceTree = "<group>"; };
		0BCB394120B6B682003E6C57 /* _webview.js */ = {isa = PBXFileReference; fileEncoding = 4; lastKnownFileType = sourcecode.javascript; path = _webview.js; sourceTree = "<group>"; };
		3E609CF41EAA815D00187C8C /* WeakScriptMessageDelegate.h */ = {isa = PBXFileReference; fileEncoding = 4; lastKnownFileType = sourcecode.c.h; path = WeakScriptMessageDelegate.h; sourceTree = "<group>"; };
		3E609CF51EAA815D00187C8C /* WeakScriptMessageDelegate.m */ = {isa = PBXFileReference; fileEncoding = 4; lastKnownFileType = sourcecode.c.objc; path = WeakScriptMessageDelegate.m; sourceTree = "<group>"; };
		D1FAADB8219C2680007ABF19 /* CRAWKWebViewManager.h */ = {isa = PBXFileReference; fileEncoding = 4; lastKnownFileType = sourcecode.c.h; path = CRAWKWebViewManager.h; sourceTree = "<group>"; };
		D1FAADB9219C2680007ABF19 /* CRAWKWebView.m */ = {isa = PBXFileReference; fileEncoding = 4; lastKnownFileType = sourcecode.c.objc; path = CRAWKWebView.m; sourceTree = "<group>"; };
		D1FAADBA219C2680007ABF19 /* CRAWKWebView.h */ = {isa = PBXFileReference; fileEncoding = 4; lastKnownFileType = sourcecode.c.h; path = CRAWKWebView.h; sourceTree = "<group>"; };
		D1FAADBB219C2680007ABF19 /* CRAWKWebViewManager.m */ = {isa = PBXFileReference; fileEncoding = 4; lastKnownFileType = sourcecode.c.objc; path = CRAWKWebViewManager.m; sourceTree = "<group>"; };
		E683F3D32080F2E10005F1F5 /* WKProcessPool+SharedProcessPool.h */ = {isa = PBXFileReference; lastKnownFileType = sourcecode.c.h; path = "WKProcessPool+SharedProcessPool.h"; sourceTree = "<group>"; };
		E683F3D62080F3400005F1F5 /* WKProcessPool+SharedProcessPool.m */ = {isa = PBXFileReference; lastKnownFileType = sourcecode.c.objc; path = "WKProcessPool+SharedProcessPool.m"; sourceTree = "<group>"; };
/* End PBXFileReference section */

/* Begin PBXFrameworksBuildPhase section */
		097457971D2A440A000D9368 /* Frameworks */ = {
			isa = PBXFrameworksBuildPhase;
			buildActionMask = 2147483647;
			files = (
			);
			runOnlyForDeploymentPostprocessing = 0;
		};
		0BCB393820B6B657003E6C57 /* Frameworks */ = {
			isa = PBXFrameworksBuildPhase;
			buildActionMask = 2147483647;
			files = (
			);
			runOnlyForDeploymentPostprocessing = 0;
		};
/* End PBXFrameworksBuildPhase section */

/* Begin PBXGroup section */
		097457911D2A440A000D9368 = {
			isa = PBXGroup;
			children = (
				0974579C1D2A440A000D9368 /* RCTWKWebView */,
				0BCB393C20B6B657003E6C57 /* Scripts */,
				0974579B1D2A440A000D9368 /* Products */,
			);
			sourceTree = "<group>";
		};
		0974579B1D2A440A000D9368 /* Products */ = {
			isa = PBXGroup;
			children = (
				0974579A1D2A440A000D9368 /* libRCTWKWebView.a */,
				0BCB393B20B6B657003E6C57 /* Scripts.bundle */,
			);
			name = Products;
			sourceTree = "<group>";
		};
		0974579C1D2A440A000D9368 /* RCTWKWebView */ = {
			isa = PBXGroup;
			children = (
				D1FAADBA219C2680007ABF19 /* CRAWKWebView.h */,
				D1FAADB9219C2680007ABF19 /* CRAWKWebView.m */,
				D1FAADB8219C2680007ABF19 /* CRAWKWebViewManager.h */,
				D1FAADBB219C2680007ABF19 /* CRAWKWebViewManager.m */,
				0BCB38E820B6ADAB003E6C57 /* WKWebView+BrowserHack.h */,
				0BCB38E720B6ADAB003E6C57 /* WKWebView+BrowserHack.m */,
				0BCB38E620B6ADAB003E6C57 /* WKWebView+Capture.h */,
				0BCB38E520B6ADAB003E6C57 /* WKWebView+Capture.m */,
				0BCB38E320B6ADAA003E6C57 /* WKWebView+Highlight.h */,
				0BCB38E420B6ADAA003E6C57 /* WKWebView+Highlight.m */,
				3E609CF41EAA815D00187C8C /* WeakScriptMessageDelegate.h */,
				3E609CF51EAA815D00187C8C /* WeakScriptMessageDelegate.m */,
				E683F3D32080F2E10005F1F5 /* WKProcessPool+SharedProcessPool.h */,
				E683F3D62080F3400005F1F5 /* WKProcessPool+SharedProcessPool.m */,
				0B79275320B6BA910081C35B /* Localizable.strings */,
			);
			path = RCTWKWebView;
			sourceTree = "<group>";
		};
		0BCB393C20B6B657003E6C57 /* Scripts */ = {
			isa = PBXGroup;
			children = (
				0BCB394120B6B682003E6C57 /* _webview.js */,
				0BCB393D20B6B657003E6C57 /* Info.plist */,
			);
			path = Scripts;
			sourceTree = "<group>";
		};
/* End PBXGroup section */

/* Begin PBXNativeTarget section */
		097457991D2A440A000D9368 /* RCTWKWebView */ = {
			isa = PBXNativeTarget;
			buildConfigurationList = 097457A31D2A440A000D9368 /* Build configuration list for PBXNativeTarget "RCTWKWebView" */;
			buildPhases = (
				097457961D2A440A000D9368 /* Sources */,
				097457971D2A440A000D9368 /* Frameworks */,
				097457981D2A440A000D9368 /* CopyFiles */,
			);
			buildRules = (
			);
			dependencies = (
			);
			name = RCTWKWebView;
			productName = RCTWKWebView;
			productReference = 0974579A1D2A440A000D9368 /* libRCTWKWebView.a */;
			productType = "com.apple.product-type.library.static";
		};
		0BCB393A20B6B657003E6C57 /* Scripts */ = {
			isa = PBXNativeTarget;
			buildConfigurationList = 0BCB394020B6B657003E6C57 /* Build configuration list for PBXNativeTarget "Scripts" */;
			buildPhases = (
				0BCB393720B6B657003E6C57 /* Sources */,
				0BCB393820B6B657003E6C57 /* Frameworks */,
				0BCB393920B6B657003E6C57 /* Resources */,
			);
			buildRules = (
			);
			dependencies = (
			);
			name = Scripts;
			productName = Scripts;
			productReference = 0BCB393B20B6B657003E6C57 /* Scripts.bundle */;
			productType = "com.apple.product-type.bundle";
		};
/* End PBXNativeTarget section */

/* Begin PBXProject section */
		097457921D2A440A000D9368 /* Project object */ = {
			isa = PBXProject;
			attributes = {
				LastUpgradeCheck = 0920;
				TargetAttributes = {
					097457991D2A440A000D9368 = {
						CreatedOnToolsVersion = 7.3.1;
					};
					0BCB393A20B6B657003E6C57 = {
						CreatedOnToolsVersion = 9.2;
						DevelopmentTeam = F2PE95WC7L;
						ProvisioningStyle = Automatic;
					};
				};
			};
			buildConfigurationList = 097457951D2A440A000D9368 /* Build configuration list for PBXProject "RCTWKWebView" */;
			compatibilityVersion = "Xcode 3.2";
			developmentRegion = English;
			hasScannedForEncodings = 0;
			knownRegions = (
				en,
				ja,
			);
			mainGroup = 097457911D2A440A000D9368;
			productRefGroup = 0974579B1D2A440A000D9368 /* Products */;
			projectDirPath = "";
			projectRoot = "";
			targets = (
				097457991D2A440A000D9368 /* RCTWKWebView */,
				0BCB393A20B6B657003E6C57 /* Scripts */,
			);
		};
/* End PBXProject section */

/* Begin PBXResourcesBuildPhase section */
		0BCB393920B6B657003E6C57 /* Resources */ = {
			isa = PBXResourcesBuildPhase;
			buildActionMask = 2147483647;
			files = (
				0BCB394220B6B682003E6C57 /* _webview.js in Resources */,
				F57672A521B69AA9007823F0 /* Localizable.strings in Resources */,
			);
			runOnlyForDeploymentPostprocessing = 0;
		};
/* End PBXResourcesBuildPhase section */

/* Begin PBXSourcesBuildPhase section */
		097457961D2A440A000D9368 /* Sources */ = {
			isa = PBXSourcesBuildPhase;
			buildActionMask = 2147483647;
			files = (
				3E609CF61EAA815D00187C8C /* WeakScriptMessageDelegate.m in Sources */,
				E683F3D72080F3400005F1F5 /* WKProcessPool+SharedProcessPool.m in Sources */,
				D1FAADBC219C2680007ABF19 /* CRAWKWebView.m in Sources */,
				0BCB38EA20B6ADAB003E6C57 /* WKWebView+Capture.m in Sources */,
				D1FAADBD219C2680007ABF19 /* CRAWKWebViewManager.m in Sources */,
				0BCB38EB20B6ADAB003E6C57 /* WKWebView+BrowserHack.m in Sources */,
				0BCB38E920B6ADAB003E6C57 /* WKWebView+Highlight.m in Sources */,
			);
			runOnlyForDeploymentPostprocessing = 0;
		};
		0BCB393720B6B657003E6C57 /* Sources */ = {
			isa = PBXSourcesBuildPhase;
			buildActionMask = 2147483647;
			files = (
			);
			runOnlyForDeploymentPostprocessing = 0;
		};
/* End PBXSourcesBuildPhase section */

/* Begin PBXVariantGroup section */
		0B79275320B6BA910081C35B /* Localizable.strings */ = {
			isa = PBXVariantGroup;
			children = (
				0B79275220B6BA910081C35B /* en */,
				0B79275420B6BAA60081C35B /* ja */,
			);
			name = Localizable.strings;
			sourceTree = "<group>";
		};
/* End PBXVariantGroup section */

/* Begin XCBuildConfiguration section */
		097457A11D2A440A000D9368 /* Debug */ = {
			isa = XCBuildConfiguration;
			buildSettings = {
				ALWAYS_SEARCH_USER_PATHS = NO;
				CLANG_ANALYZER_LOCALIZABILITY_NONLOCALIZED = YES;
				CLANG_ANALYZER_NONNULL = YES;
				CLANG_CXX_LANGUAGE_STANDARD = "gnu++0x";
				CLANG_CXX_LIBRARY = "libc++";
				CLANG_ENABLE_MODULES = YES;
				CLANG_ENABLE_OBJC_ARC = YES;
				CLANG_WARN_BLOCK_CAPTURE_AUTORELEASING = YES;
				CLANG_WARN_BOOL_CONVERSION = YES;
				CLANG_WARN_COMMA = YES;
				CLANG_WARN_CONSTANT_CONVERSION = YES;
				CLANG_WARN_DIRECT_OBJC_ISA_USAGE = YES_ERROR;
				CLANG_WARN_EMPTY_BODY = YES;
				CLANG_WARN_ENUM_CONVERSION = YES;
				CLANG_WARN_INFINITE_RECURSION = YES;
				CLANG_WARN_INT_CONVERSION = YES;
				CLANG_WARN_NON_LITERAL_NULL_CONVERSION = YES;
				CLANG_WARN_OBJC_LITERAL_CONVERSION = YES;
				CLANG_WARN_OBJC_ROOT_CLASS = YES_ERROR;
				CLANG_WARN_RANGE_LOOP_ANALYSIS = YES;
				CLANG_WARN_STRICT_PROTOTYPES = YES;
				CLANG_WARN_SUSPICIOUS_MOVE = YES;
				CLANG_WARN_UNREACHABLE_CODE = YES;
				CLANG_WARN__DUPLICATE_METHOD_MATCH = YES;
				COPY_PHASE_STRIP = NO;
				DEBUG_INFORMATION_FORMAT = dwarf;
				ENABLE_STRICT_OBJC_MSGSEND = YES;
				ENABLE_TESTABILITY = YES;
				GCC_C_LANGUAGE_STANDARD = gnu99;
				GCC_DYNAMIC_NO_PIC = NO;
				GCC_NO_COMMON_BLOCKS = YES;
				GCC_OPTIMIZATION_LEVEL = 0;
				GCC_PREPROCESSOR_DEFINITIONS = (
					"DEBUG=1",
					"$(inherited)",
				);
				GCC_WARN_64_TO_32_BIT_CONVERSION = YES;
				GCC_WARN_ABOUT_RETURN_TYPE = YES_ERROR;
				GCC_WARN_UNDECLARED_SELECTOR = YES;
				GCC_WARN_UNINITIALIZED_AUTOS = YES_AGGRESSIVE;
				GCC_WARN_UNUSED_FUNCTION = YES;
				GCC_WARN_UNUSED_VARIABLE = YES;
				IPHONEOS_DEPLOYMENT_TARGET = 8.0;
				MTL_ENABLE_DEBUG_INFO = YES;
				ONLY_ACTIVE_ARCH = YES;
				SDKROOT = iphoneos;
			};
			name = Debug;
		};
		097457A21D2A440A000D9368 /* Release */ = {
			isa = XCBuildConfiguration;
			buildSettings = {
				ALWAYS_SEARCH_USER_PATHS = NO;
				CLANG_ANALYZER_LOCALIZABILITY_NONLOCALIZED = YES;
				CLANG_ANALYZER_NONNULL = YES;
				CLANG_CXX_LANGUAGE_STANDARD = "gnu++0x";
				CLANG_CXX_LIBRARY = "libc++";
				CLANG_ENABLE_MODULES = YES;
				CLANG_ENABLE_OBJC_ARC = YES;
				CLANG_WARN_BLOCK_CAPTURE_AUTORELEASING = YES;
				CLANG_WARN_BOOL_CONVERSION = YES;
				CLANG_WARN_COMMA = YES;
				CLANG_WARN_CONSTANT_CONVERSION = YES;
				CLANG_WARN_DIRECT_OBJC_ISA_USAGE = YES_ERROR;
				CLANG_WARN_EMPTY_BODY = YES;
				CLANG_WARN_ENUM_CONVERSION = YES;
				CLANG_WARN_INFINITE_RECURSION = YES;
				CLANG_WARN_INT_CONVERSION = YES;
				CLANG_WARN_NON_LITERAL_NULL_CONVERSION = YES;
				CLANG_WARN_OBJC_LITERAL_CONVERSION = YES;
				CLANG_WARN_OBJC_ROOT_CLASS = YES_ERROR;
				CLANG_WARN_RANGE_LOOP_ANALYSIS = YES;
				CLANG_WARN_STRICT_PROTOTYPES = YES;
				CLANG_WARN_SUSPICIOUS_MOVE = YES;
				CLANG_WARN_UNREACHABLE_CODE = YES;
				CLANG_WARN__DUPLICATE_METHOD_MATCH = YES;
				COPY_PHASE_STRIP = NO;
				DEBUG_INFORMATION_FORMAT = "dwarf-with-dsym";
				ENABLE_NS_ASSERTIONS = NO;
				ENABLE_STRICT_OBJC_MSGSEND = YES;
				GCC_C_LANGUAGE_STANDARD = gnu99;
				GCC_NO_COMMON_BLOCKS = YES;
				GCC_WARN_64_TO_32_BIT_CONVERSION = YES;
				GCC_WARN_ABOUT_RETURN_TYPE = YES_ERROR;
				GCC_WARN_UNDECLARED_SELECTOR = YES;
				GCC_WARN_UNINITIALIZED_AUTOS = YES_AGGRESSIVE;
				GCC_WARN_UNUSED_FUNCTION = YES;
				GCC_WARN_UNUSED_VARIABLE = YES;
				IPHONEOS_DEPLOYMENT_TARGET = 8.0;
				MTL_ENABLE_DEBUG_INFO = NO;
				SDKROOT = iphoneos;
				VALIDATE_PRODUCT = YES;
			};
			name = Release;
		};
		097457A41D2A440A000D9368 /* Debug */ = {
			isa = XCBuildConfiguration;
			buildSettings = {
				HEADER_SEARCH_PATHS = (
					"$(SRCROOT)/../../React/**",
					"$(inherited)",
					"$(SRCROOT)/node_modules/react-native/React/**",
					"$(SRCROOT)/../react-native/React/**",
					"$(SRCROOT)/../../../node_modules/react-native/React/**",
				);
				OTHER_LDFLAGS = "-ObjC";
				PRODUCT_NAME = "$(TARGET_NAME)";
				SKIP_INSTALL = YES;
			};
			name = Debug;
		};
		097457A51D2A440A000D9368 /* Release */ = {
			isa = XCBuildConfiguration;
			buildSettings = {
				HEADER_SEARCH_PATHS = (
					"$(SRCROOT)/../../React/**",
					"$(inherited)",
					"$(SRCROOT)/node_modules/react-native/React/**",
					"$(SRCROOT)/../react-native/React/**",
					"$(SRCROOT)/../../../node_modules/react-native/React/**",
				);
				OTHER_LDFLAGS = "-ObjC";
				PRODUCT_NAME = "$(TARGET_NAME)";
				SKIP_INSTALL = YES;
			};
			name = Release;
		};
		0BCB393E20B6B657003E6C57 /* Debug */ = {
			isa = XCBuildConfiguration;
			buildSettings = {
				CLANG_ANALYZER_NUMBER_OBJECT_CONVERSION = YES_AGGRESSIVE;
				CLANG_CXX_LANGUAGE_STANDARD = "gnu++14";
				CLANG_WARN_DOCUMENTATION_COMMENTS = YES;
				CLANG_WARN_UNGUARDED_AVAILABILITY = YES_AGGRESSIVE;
				CODE_SIGN_IDENTITY = "Mac Developer";
				CODE_SIGN_STYLE = Automatic;
				COMBINE_HIDPI_IMAGES = YES;
				DEVELOPMENT_TEAM = F2PE95WC7L;
				GCC_C_LANGUAGE_STANDARD = gnu11;
				INFOPLIST_FILE = Scripts/Info.plist;
				INSTALL_PATH = "$(LOCAL_LIBRARY_DIR)/Bundles";
				MACOSX_DEPLOYMENT_TARGET = 10.12;
				PRODUCT_BUNDLE_IDENTIFIER = jp.co.lunascape.Scripts;
				PRODUCT_NAME = "$(TARGET_NAME)";
				SDKROOT = iphoneos;
				SKIP_INSTALL = YES;
				WRAPPER_EXTENSION = bundle;
			};
			name = Debug;
		};
		0BCB393F20B6B657003E6C57 /* Release */ = {
			isa = XCBuildConfiguration;
			buildSettings = {
				CLANG_ANALYZER_NUMBER_OBJECT_CONVERSION = YES_AGGRESSIVE;
				CLANG_CXX_LANGUAGE_STANDARD = "gnu++14";
				CLANG_WARN_DOCUMENTATION_COMMENTS = YES;
				CLANG_WARN_UNGUARDED_AVAILABILITY = YES_AGGRESSIVE;
				CODE_SIGN_IDENTITY = "Mac Developer";
				CODE_SIGN_STYLE = Automatic;
				COMBINE_HIDPI_IMAGES = YES;
				DEVELOPMENT_TEAM = F2PE95WC7L;
				GCC_C_LANGUAGE_STANDARD = gnu11;
				INFOPLIST_FILE = Scripts/Info.plist;
				INSTALL_PATH = "$(LOCAL_LIBRARY_DIR)/Bundles";
				MACOSX_DEPLOYMENT_TARGET = 10.12;
				PRODUCT_BUNDLE_IDENTIFIER = jp.co.lunascape.Scripts;
				PRODUCT_NAME = "$(TARGET_NAME)";
				SDKROOT = iphoneos;
				SKIP_INSTALL = YES;
				WRAPPER_EXTENSION = bundle;
			};
			name = Release;
		};
/* End XCBuildConfiguration section */

/* Begin XCConfigurationList section */
		097457951D2A440A000D9368 /* Build configuration list for PBXProject "RCTWKWebView" */ = {
			isa = XCConfigurationList;
			buildConfigurations = (
				097457A11D2A440A000D9368 /* Debug */,
				097457A21D2A440A000D9368 /* Release */,
			);
			defaultConfigurationIsVisible = 0;
			defaultConfigurationName = Release;
		};
		097457A31D2A440A000D9368 /* Build configuration list for PBXNativeTarget "RCTWKWebView" */ = {
			isa = XCConfigurationList;
			buildConfigurations = (
				097457A41D2A440A000D9368 /* Debug */,
				097457A51D2A440A000D9368 /* Release */,
			);
			defaultConfigurationIsVisible = 0;
			defaultConfigurationName = Release;
		};
		0BCB394020B6B657003E6C57 /* Build configuration list for PBXNativeTarget "Scripts" */ = {
			isa = XCConfigurationList;
			buildConfigurations = (
				0BCB393E20B6B657003E6C57 /* Debug */,
				0BCB393F20B6B657003E6C57 /* Release */,
			);
			defaultConfigurationIsVisible = 0;
			defaultConfigurationName = Release;
		};
/* End XCConfigurationList section */
	};
	rootObject = 097457921D2A440A000D9368 /* Project object */;
}
